// !$*UTF8*$!
{
	archiveVersion = 1;
	classes = {
	};
	objectVersion = 46;
	objects = {

/* Begin PBXBuildFile section */
		9692E1EC1BD3834D00CA1333 /* main.m in Sources */ = {isa = PBXBuildFile; fileRef = 9692E1EB1BD3834D00CA1333 /* main.m */; };
		9692E1EF1BD3834D00CA1333 /* AppDelegate.m in Sources */ = {isa = PBXBuildFile; fileRef = 9692E1EE1BD3834D00CA1333 /* AppDelegate.m */; };
		9692E1F51BD3834D00CA1333 /* Main.storyboard in Resources */ = {isa = PBXBuildFile; fileRef = 9692E1F31BD3834D00CA1333 /* Main.storyboard */; };
		9692E1F71BD3834E00CA1333 /* Assets.xcassets in Resources */ = {isa = PBXBuildFile; fileRef = 9692E1F61BD3834E00CA1333 /* Assets.xcassets */; };
		9692E1FA1BD3834E00CA1333 /* LaunchScreen.storyboard in Resources */ = {isa = PBXBuildFile; fileRef = 9692E1F81BD3834E00CA1333 /* LaunchScreen.storyboard */; };
		9692E2071BD3848200CA1333 /* Banana.png in Resources */ = {isa = PBXBuildFile; fileRef = 9692E2031BD3848200CA1333 /* Banana.png */; settings = {ASSET_TAGS = (); }; };
		9692E2081BD3848200CA1333 /* Orange.png in Resources */ = {isa = PBXBuildFile; fileRef = 9692E2041BD3848200CA1333 /* Orange.png */; settings = {ASSET_TAGS = (); }; };
		9692E2091BD3848200CA1333 /* Peach.png in Resources */ = {isa = PBXBuildFile; fileRef = 9692E2051BD3848200CA1333 /* Peach.png */; settings = {ASSET_TAGS = (); }; };
		9692E20A1BD3848200CA1333 /* Strawberry.png in Resources */ = {isa = PBXBuildFile; fileRef = 9692E2061BD3848200CA1333 /* Strawberry.png */; settings = {ASSET_TAGS = (); }; };
/* End PBXBuildFile section */

/* Begin PBXFileReference section */
		9692E1E71BD3834D00CA1333 /* TableViewDemo.app */ = {isa = PBXFileReference; explicitFileType = wrapper.application; includeInIndex = 0; path = TableViewDemo.app; sourceTree = BUILT_PRODUCTS_DIR; };
		9692E1EB1BD3834D00CA1333 /* main.m */ = {isa = PBXFileReference; lastKnownFileType = sourcecode.c.objc; path = main.m; sourceTree = "<group>"; };
		9692E1ED1BD3834D00CA1333 /* AppDelegate.h */ = {isa = PBXFileReference; lastKnownFileType = sourcecode.c.h; path = AppDelegate.h; sourceTree = "<group>"; };
		9692E1EE1BD3834D00CA1333 /* AppDelegate.m */ = {isa = PBXFileReference; lastKnownFileType = sourcecode.c.objc; path = AppDelegate.m; sourceTree = "<group>"; };
		9692E1F41BD3834D00CA1333 /* Base */ = {isa = PBXFileReference; lastKnownFileType = file.storyboard; name = Base; path = Base.lproj/Main.storyboard; sourceTree = "<group>"; };
		9692E1F61BD3834E00CA1333 /* Assets.xcassets */ = {isa = PBXFileReference; lastKnownFileType = folder.assetcatalog; path = Assets.xcassets; sourceTree = "<group>"; };
		9692E1F91BD3834E00CA1333 /* Base */ = {isa = PBXFileReference; lastKnownFileType = file.storyboard; name = Base; path = Base.lproj/LaunchScreen.storyboard; sourceTree = "<group>"; };
		9692E1FB1BD3834E00CA1333 /* Info.plist */ = {isa = PBXFileReference; lastKnownFileType = text.plist.xml; path = Info.plist; sourceTree = "<group>"; };
		9692E2031BD3848200CA1333 /* Banana.png */ = {isa = PBXFileReference; lastKnownFileType = image.png; path = Banana.png; sourceTree = "<group>"; };
		9692E2041BD3848200CA1333 /* Orange.png */ = {isa = PBXFileReference; lastKnownFileType = image.png; path = Orange.png; sourceTree = "<group>"; };
		9692E2051BD3848200CA1333 /* Peach.png */ = {isa = PBXFileReference; lastKnownFileType = image.png; path = Peach.png; sourceTree = "<group>"; };
		9692E2061BD3848200CA1333 /* Strawberry.png */ = {isa = PBXFileReference; lastKnownFileType = image.png; path = Strawberry.png; sourceTree = "<group>"; };
/* End PBXFileReference section */

/* Begin PBXFrameworksBuildPhase section */
		9692E1E41BD3834D00CA1333 /* Frameworks */ = {
			isa = PBXFrameworksBuildPhase;
			buildActionMask = 2147483647;
			files = (
			);
			runOnlyForDeploymentPostprocessing = 0;
		};
/* End PBXFrameworksBuildPhase section */

/* Begin PBXGroup section */
		9692E1DE1BD3834D00CA1333 = {
			isa = PBXGroup;
			children = (
				9692E1E91BD3834D00CA1333 /* TableViewDemo */,
				9692E1E81BD3834D00CA1333 /* Products */,
			);
			sourceTree = "<group>";
		};
		9692E1E81BD3834D00CA1333 /* Products */ = {
			isa = PBXGroup;
			children = (
				9692E1E71BD3834D00CA1333 /* TableViewDemo.app */,
			);
			name = Products;
			sourceTree = "<group>";
		};
		9692E1E91BD3834D00CA1333 /* TableViewDemo */ = {
			isa = PBXGroup;
			children = (
				9692E2011BD3846000CA1333 /* Resourses */,
				9692E1ED1BD3834D00CA1333 /* AppDelegate.h */,
				9692E1EE1BD3834D00CA1333 /* AppDelegate.m */,
				9692E1F31BD3834D00CA1333 /* Main.storyboard */,
				9692E1F61BD3834E00CA1333 /* Assets.xcassets */,
				9692E1F81BD3834E00CA1333 /* LaunchScreen.storyboard */,
				9692E1FB1BD3834E00CA1333 /* Info.plist */,
				9692E1EA1BD3834D00CA1333 /* Supporting Files */,
			);
			path = TableViewDemo;
			sourceTree = "<group>";
		};
		9692E1EA1BD3834D00CA1333 /* Supporting Files */ = {
			isa = PBXGroup;
			children = (
				9692E1EB1BD3834D00CA1333 /* main.m */,
			);
			name = "Supporting Files";
			sourceTree = "<group>";
		};
		9692E2011BD3846000CA1333 /* Resourses */ = {
			isa = PBXGroup;
			children = (
				9692E2021BD3846B00CA1333 /* Photos */,
			);
			name = Resourses;
			sourceTree = "<group>";
		};
		9692E2021BD3846B00CA1333 /* Photos */ = {
			isa = PBXGroup;
			children = (
				9692E2031BD3848200CA1333 /* Banana.png */,
				9692E2041BD3848200CA1333 /* Orange.png */,
				9692E2051BD3848200CA1333 /* Peach.png */,
				9692E2061BD3848200CA1333 /* Strawberry.png */,
			);
			name = Photos;
			sourceTree = "<group>";
		};
/* End PBXGroup section */

/* Begin PBXNativeTarget section */
		9692E1E61BD3834D00CA1333 /* TableViewDemo */ = {
			isa = PBXNativeTarget;
			buildConfigurationList = 9692E1FE1BD3834E00CA1333 /* Build configuration list for PBXNativeTarget "TableViewDemo" */;
			buildPhases = (
				9692E1E31BD3834D00CA1333 /* Sources */,
				9692E1E41BD3834D00CA1333 /* Frameworks */,
				9692E1E51BD3834D00CA1333 /* Resources */,
			);
			buildRules = (
			);
			dependencies = (
			);
			name = TableViewDemo;
			productName = TableViewDemo;
			productReference = 9692E1E71BD3834D00CA1333 /* TableViewDemo.app */;
			productType = "com.apple.product-type.application";
		};
/* End PBXNativeTarget section */

/* Begin PBXProject section */
		9692E1DF1BD3834D00CA1333 /* Project object */ = {
			isa = PBXProject;
			attributes = {
				LastUpgradeCheck = 0700;
				ORGANIZATIONNAME = Dzung;
				TargetAttributes = {
					9692E1E61BD3834D00CA1333 = {
						CreatedOnToolsVersion = 7.0.1;
					};
				};
			};
			buildConfigurationList = 9692E1E21BD3834D00CA1333 /* Build configuration list for PBXProject "TableViewDemo" */;
			compatibilityVersion = "Xcode 3.2";
			developmentRegion = English;
			hasScannedForEncodings = 0;
			knownRegions = (
				en,
				Base,
			);
			mainGroup = 9692E1DE1BD3834D00CA1333;
			productRefGroup = 9692E1E81BD3834D00CA1333 /* Products */;
			projectDirPath = "";
			projectRoot = "";
			targets = (
				9692E1E61BD3834D00CA1333 /* TableViewDemo */,
			);
		};
/* End PBXProject section */

/* Begin PBXResourcesBuildPhase section */
		9692E1E51BD3834D00CA1333 /* Resources */ = {
			isa = PBXResourcesBuildPhase;
			buildActionMask = 2147483647;
			files = (
				9692E1FA1BD3834E00CA1333 /* LaunchScreen.storyboard in Resources */,
				9692E20A1BD3848200CA1333 /* Strawberry.png in Resources */,
				9692E2081BD3848200CA1333 /* Orange.png in Resources */,
				9692E1F71BD3834E00CA1333 /* Assets.xcassets in Resources */,
				9692E2091BD3848200CA1333 /* Peach.png in Resources */,
				9692E2071BD3848200CA1333 /* Banana.png in Resources */,
				9692E1F51BD3834D00CA1333 /* Main.storyboard in Resources */,
			);
			runOnlyForDeploymentPostprocessing = 0;
		};
/* End PBXResourcesBuildPhase section */

/* Begin PBXSourcesBuildPhase section */
		9692E1E31BD3834D00CA1333 /* Sources */ = {
			isa = PBXSourcesBuildPhase;
			buildActionMask = 2147483647;
			files = (
				9692E1EF1BD3834D00CA1333 /* AppDelegate.m in Sources */,
				9692E1EC1BD3834D00CA1333 /* main.m in Sources */,
			);
			runOnlyForDeploymentPostprocessing = 0;
		};
/* End PBXSourcesBuildPhase section */

/* Begin PBXVariantGroup section */
		9692E1F31BD3834D00CA1333 /* Main.storyboard */ = {
			isa = PBXVariantGroup;
			children = (
				9692E1F41BD3834D00CA1333 /* Base */,
			);
			name = Main.storyboard;
			sourceTree = "<group>";
		};
		9692E1F81BD3834E00CA1333 /* LaunchScreen.storyboard */ = {
			isa = PBXVariantGroup;
			children = (
				9692E1F91BD3834E00CA1333 /* Base */,
			);
			name = LaunchScreen.storyboard;
			sourceTree = "<group>";
		};
/* End PBXVariantGroup section */

/* Begin XCBuildConfiguration section */
		9692E1FC1BD3834E00CA1333 /* Debug */ = {
			isa = XCBuildConfiguration;
			buildSettings = {
				ALWAYS_SEARCH_USER_PATHS = NO;
				CLANG_CXX_LANGUAGE_STANDARD = "gnu++0x";
				CLANG_CXX_LIBRARY = "libc++";
				CLANG_ENABLE_MODULES = YES;
				CLANG_ENABLE_OBJC_ARC = YES;
				CLANG_WARN_BOOL_CONVERSION = YES;
				CLANG_WARN_CONSTANT_CONVERSION = YES;
				CLANG_WARN_DIRECT_OBJC_ISA_USAGE = YES_ERROR;
				CLANG_WARN_EMPTY_BODY = YES;
				CLANG_WARN_ENUM_CONVERSION = YES;
				CLANG_WARN_INT_CONVERSION = YES;
				CLANG_WARN_OBJC_ROOT_CLASS = YES_ERROR;
				CLANG_WARN_UNREACHABLE_CODE = YES;
				CLANG_WARN__DUPLICATE_METHOD_MATCH = YES;
				"CODE_SIGN_IDENTITY[sdk=iphoneos*]" = "iPhone Developer";
				COPY_PHASE_STRIP = NO;
				DEBUG_INFORMATION_FORMAT = dwarf;
				ENABLE_STRICT_OBJC_MSGSEND = YES;
				ENABLE_TESTABILITY = YES;
				GCC_C_LANGUAGE_STANDARD = gnu99;
				GCC_DYNAMIC_NO_PIC = NO;
				GCC_NO_COMMON_BLOCKS = YES;
				GCC_OPTIMIZATION_LEVEL = 0;
				GCC_PREPROCESSOR_DEFINITIONS = (
					"DEBUG=1",
					"$(inherited)",
				);
				GCC_WARN_64_TO_32_BIT_CONVERSION = YES;
				GCC_WARN_ABOUT_RETURN_TYPE = YES_ERROR;
				GCC_WARN_UNDECLARED_SELECTOR = YES;
				GCC_WARN_UNINITIALIZED_AUTOS = YES_AGGRESSIVE;
				GCC_WARN_UNUSED_FUNCTION = YES;
				GCC_WARN_UNUSED_VARIABLE = YES;
				IPHONEOS_DEPLOYMENT_TARGET = 9.0;
				MTL_ENABLE_DEBUG_INFO = YES;
				ONLY_ACTIVE_ARCH = YES;
				SDKROOT = iphoneos;
			};
			name = Debug;
		};
		9692E1FD1BD3834E00CA1333 /* Release */ = {
			isa = XCBuildConfiguration;
			buildSettings = {
				ALWAYS_SEARCH_USER_PATHS = NO;
				CLANG_CXX_LANGUAGE_STANDARD = "gnu++0x";
				CLANG_CXX_LIBRARY = "libc++";
				CLANG_ENABLE_MODULES = YES;
				CLANG_ENABLE_OBJC_ARC = YES;
				CLANG_WARN_BOOL_CONVERSION = YES;
				CLANG_WARN_CONSTANT_CONVERSION = YES;
				CLANG_WARN_DIRECT_OBJC_ISA_USAGE = YES_ERROR;
				CLANG_WARN_EMPTY_BODY = YES;
				CLANG_WARN_ENUM_CONVERSION = YES;
				CLANG_WARN_INT_CONVERSION = YES;
				CLANG_WARN_OBJC_ROOT_CLASS = YES_ERROR;
				CLANG_WARN_UNREACHABLE_CODE = YES;
				CLANG_WARN__DUPLICATE_METHOD_MATCH = YES;
				"CODE_SIGN_IDENTITY[sdk=iphoneos*]" = "iPhone Developer";
				COPY_PHASE_STRIP = NO;
				DEBUG_INFORMATION_FORMAT = "dwarf-with-dsym";
				ENABLE_NS_ASSERTIONS = NO;
				ENABLE_STRICT_OBJC_MSGSEND = YES;
				GCC_C_LANGUAGE_STANDARD = gnu99;
				GCC_NO_COMMON_BLOCKS = YES;
				GCC_WARN_64_TO_32_BIT_CONVERSION = YES;
				GCC_WARN_ABOUT_RETURN_TYPE = YES_ERROR;
				GCC_WARN_UNDECLARED_SELECTOR = YES;
				GCC_WARN_UNINITIALIZED_AUTOS = YES_AGGRESSIVE;
				GCC_WARN_UNUSED_FUNCTION = YES;
				GCC_WARN_UNUSED_VARIABLE = YES;
				IPHONEOS_DEPLOYMENT_TARGET = 9.0;
				MTL_ENABLE_DEBUG_INFO = NO;
				SDKROOT = iphoneos;
				VALIDATE_PRODUCT = YES;
			};
			name = Release;
		};
		9692E1FF1BD3834E00CA1333 /* Debug */ = {
			isa = XCBuildConfiguration;
			buildSettings = {
				ASSETCATALOG_COMPILER_APPICON_NAME = AppIcon;
				INFOPLIST_FILE = TableViewDemo/Info.plist;
				LD_RUNPATH_SEARCH_PATHS = "$(inherited) @executable_path/Frameworks";
				PRODUCT_BUNDLE_IDENTIFIER = com.example.TableViewDemo;
				PRODUCT_NAME = "$(TARGET_NAME)";
			};
			name = Debug;
		};
		9692E2001BD3834E00CA1333 /* Release */ = {
			isa = XCBuildConfiguration;
			buildSettings = {
				ASSETCATALOG_COMPILER_APPICON_NAME = AppIcon;
				INFOPLIST_FILE = TableViewDemo/Info.plist;
				LD_RUNPATH_SEARCH_PATHS = "$(inherited) @executable_path/Frameworks";
				PRODUCT_BUNDLE_IDENTIFIER = com.example.TableViewDemo;
				PRODUCT_NAME = "$(TARGET_NAME)";
			};
			name = Release;
		};
/* End XCBuildConfiguration section */

/* Begin XCConfigurationList section */
		9692E1E21BD3834D00CA1333 /* Build configuration list for PBXProject "TableViewDemo" */ = {
			isa = XCConfigurationList;
			buildConfigurations = (
				9692E1FC1BD3834E00CA1333 /* Debug */,
				9692E1FD1BD3834E00CA1333 /* Release */,
			);
			defaultConfigurationIsVisible = 0;
			defaultConfigurationName = Release;
		};
		9692E1FE1BD3834E00CA1333 /* Build configuration list for PBXNativeTarget "TableViewDemo" */ = {
			isa = XCConfigurationList;
			buildConfigurations = (
				9692E1FF1BD3834E00CA1333 /* Debug */,
				9692E2001BD3834E00CA1333 /* Release */,
			);
			defaultConfigurationIsVisible = 0;
		};
/* End XCConfigurationList section */
	};
	rootObject = 9692E1DF1BD3834D00CA1333 /* Project object */;
}
